
Microsoft Visual Studio Solution File, Format Version 12.00
Project("{2150E333-8FDC-42A3-9474-1A3956D46DE8}") = "FrontEnd", "FrontEnd", "{6C529AEA-B549-4E4D-8269-BE42002FB76E}"
EndProject
Project("{2150E333-8FDC-42A3-9474-1A3956D46DE8}") = "Integrations", "Integrations", "{4E2FCD52-E939-4D09-8A88-534E130CC5EA}"
EndProject
Project("{2150E333-8FDC-42A3-9474-1A3956D46DE8}") = "Services", "Services", "{61B0A381-66C7-4B13-A00A-046BC48FB1EF}"
EndProject
Project("{FAE04EC0-301F-11D3-BF4B-00C04F79EFBC}") = "NikeStore.Services.CouponApi", "NikeStore.Services.CouponApi\NikeStore.Services.CouponApi.csproj", "{EC73F77A-AB25-4771-9720-8328DD9A5EF6}"
EndProject
Project("{FAE04EC0-301F-11D3-BF4B-00C04F79EFBC}") = "NikeStore.Web", "NikeStore.Web\NikeStore.Web.csproj", "{20A70162-DAD1-4581-86CE-A440174F03F4}"
EndProject
Project("{FAE04EC0-301F-11D3-BF4B-00C04F79EFBC}") = "NikeStore.Services.AuthApi", "NikeStore.Services.AuthApi\NikeStore.Services.AuthApi.csproj", "{F01AB37D-06EA-4565-92DC-9D0484900B73}"
EndProject
Project("{FAE04EC0-301F-11D3-BF4B-00C04F79EFBC}") = "NikeStore.Services.ProductApi", "NikeStore.Services.ProductApi\NikeStore.Services.ProductApi.csproj", "{BB16AF1D-709B-42AD-B5B2-5CDEF6F95E40}"
EndProject
Project("{FAE04EC0-301F-11D3-BF4B-00C04F79EFBC}") = "NikeStore.Services.RewardsApi", "NikeStore.Services.RewardsApi\NikeStore.Services.RewardsApi.csproj", "{E5A5D877-83BA-4B6B-A96F-3D91D0F4E395}"
EndProject
Project("{FAE04EC0-301F-11D3-BF4B-00C04F79EFBC}") = "NikeStore.Services.OrderApi", "NikeStore.Services.OrderApi\NikeStore.Services.OrderApi.csproj", "{CC83F606-38C5-40A3-9C69-DF274DA0529A}"
EndProject
Project("{FAE04EC0-301F-11D3-BF4B-00C04F79EFBC}") = "NikeStore.Services.ShoppingCartApi", "NikeStore.Services.ShoppingCartApi\NikeStore.Services.ShoppingCartApi.csproj", "{9A77221E-7A2D-422C-B61E-C970ED1D8476}"
EndProject
Project("{FAE04EC0-301F-11D3-BF4B-00C04F79EFBC}") = "NikeStore.Services.EmailApi", "NikeStore.Services.EmailApi\NikeStore.Services.EmailApi.csproj", "{6C672BD7-6DE2-4448-A641-3DC31F290B57}"
EndProject
Project("{2150E333-8FDC-42A3-9474-1A3956D46DE8}") = "Gateway", "Gateway", "{0689094C-3DAC-4788-ACC9-11B793E4DAEB}"
EndProject
Project("{FAE04EC0-301F-11D3-BF4B-00C04F79EFBC}") = "NikeStore.GatewaySolution", "NikeStore.GatewaySolution\NikeStore.GatewaySolution.csproj", "{6CE18F2A-E633-4D61-B5D9-585FDCF93B5A}"
EndProject
Global
	GlobalSection(SolutionConfigurationPlatforms) = preSolution
		Debug|Any CPU = Debug|Any CPU
		Release|Any CPU = Release|Any CPU
	EndGlobalSection
	GlobalSection(NestedProjects) = preSolution
		{EC73F77A-AB25-4771-9720-8328DD9A5EF6} = {61B0A381-66C7-4B13-A00A-046BC48FB1EF}
		{20A70162-DAD1-4581-86CE-A440174F03F4} = {6C529AEA-B549-4E4D-8269-BE42002FB76E}
		{F01AB37D-06EA-4565-92DC-9D0484900B73} = {61B0A381-66C7-4B13-A00A-046BC48FB1EF}
		{BB16AF1D-709B-42AD-B5B2-5CDEF6F95E40} = {61B0A381-66C7-4B13-A00A-046BC48FB1EF}
		{E5A5D877-83BA-4B6B-A96F-3D91D0F4E395} = {61B0A381-66C7-4B13-A00A-046BC48FB1EF}
		{CC83F606-38C5-40A3-9C69-DF274DA0529A} = {61B0A381-66C7-4B13-A00A-046BC48FB1EF}
		{9A77221E-7A2D-422C-B61E-C970ED1D8476} = {61B0A381-66C7-4B13-A00A-046BC48FB1EF}
		{6C672BD7-6DE2-4448-A641-3DC31F290B57} = {61B0A381-66C7-4B13-A00A-046BC48FB1EF}
		{6CE18F2A-E633-4D61-B5D9-585FDCF93B5A} = {0689094C-3DAC-4788-ACC9-11B793E4DAEB}
	EndGlobalSection
	GlobalSection(ProjectConfigurationPlatforms) = postSolution
		{EC73F77A-AB25-4771-9720-8328DD9A5EF6}.Debug|Any CPU.ActiveCfg = Debug|Any CPU
		{EC73F77A-AB25-4771-9720-8328DD9A5EF6}.Debug|Any CPU.Build.0 = Debug|Any CPU
		{EC73F77A-AB25-4771-9720-8328DD9A5EF6}.Release|Any CPU.ActiveCfg = Release|Any CPU
		{EC73F77A-AB25-4771-9720-8328DD9A5EF6}.Release|Any CPU.Build.0 = Release|Any CPU
		{20A70162-DAD1-4581-86CE-A440174F03F4}.Debug|Any CPU.ActiveCfg = Debug|Any CPU
		{20A70162-DAD1-4581-86CE-A440174F03F4}.Debug|Any CPU.Build.0 = Debug|Any CPU
		{20A70162-DAD1-4581-86CE-A440174F03F4}.Release|Any CPU.ActiveCfg = Release|Any CPU
		{20A70162-DAD1-4581-86CE-A440174F03F4}.Release|Any CPU.Build.0 = Release|Any CPU
		{F01AB37D-06EA-4565-92DC-9D0484900B73}.Debug|Any CPU.ActiveCfg = Debug|Any CPU
		{F01AB37D-06EA-4565-92DC-9D0484900B73}.Debug|Any CPU.Build.0 = Debug|Any CPU
		{F01AB37D-06EA-4565-92DC-9D0484900B73}.Release|Any CPU.ActiveCfg = Release|Any CPU
		{F01AB37D-06EA-4565-92DC-9D0484900B73}.Release|Any CPU.Build.0 = Release|Any CPU
		{BB16AF1D-709B-42AD-B5B2-5CDEF6F95E40}.Debug|Any CPU.ActiveCfg = Debug|Any CPU
		{BB16AF1D-709B-42AD-B5B2-5CDEF6F95E40}.Debug|Any CPU.Build.0 = Debug|Any CPU
		{BB16AF1D-709B-42AD-B5B2-5CDEF6F95E40}.Release|Any CPU.ActiveCfg = Release|Any CPU
		{BB16AF1D-709B-42AD-B5B2-5CDEF6F95E40}.Release|Any CPU.Build.0 = Release|Any CPU
		{E5A5D877-83BA-4B6B-A96F-3D91D0F4E395}.Debug|Any CPU.ActiveCfg = Debug|Any CPU
		{E5A5D877-83BA-4B6B-A96F-3D91D0F4E395}.Debug|Any CPU.Build.0 = Debug|Any CPU
		{E5A5D877-83BA-4B6B-A96F-3D91D0F4E395}.Release|Any CPU.ActiveCfg = Release|Any CPU
		{E5A5D877-83BA-4B6B-A96F-3D91D0F4E395}.Release|Any CPU.Build.0 = Release|Any CPU
		{CC83F606-38C5-40A3-9C69-DF274DA0529A}.Debug|Any CPU.ActiveCfg = Debug|Any CPU
		{CC83F606-38C5-40A3-9C69-DF274DA0529A}.Debug|Any CPU.Build.0 = Debug|Any CPU
		{CC83F606-38C5-40A3-9C69-DF274DA0529A}.Release|Any CPU.ActiveCfg = Release|Any CPU
		{CC83F606-38C5-40A3-9C69-DF274DA0529A}.Release|Any CPU.Build.0 = Release|Any CPU
		{9A77221E-7A2D-422C-B61E-C970ED1D8476}.Debug|Any CPU.ActiveCfg = Debug|Any CPU
		{9A77221E-7A2D-422C-B61E-C970ED1D8476}.Debug|Any CPU.Build.0 = Debug|Any CPU
		{9A77221E-7A2D-422C-B61E-C970ED1D8476}.Release|Any CPU.ActiveCfg = Release|Any CPU
		{9A77221E-7A2D-422C-B61E-C970ED1D8476}.Release|Any CPU.Build.0 = Release|Any CPU
		{6C672BD7-6DE2-4448-A641-3DC31F290B57}.Debug|Any CPU.ActiveCfg = Debug|Any CPU
		{6C672BD7-6DE2-4448-A641-3DC31F290B57}.Debug|Any CPU.Build.0 = Debug|Any CPU
		{6C672BD7-6DE2-4448-A641-3DC31F290B57}.Release|Any CPU.ActiveCfg = Release|Any CPU
		{6C672BD7-6DE2-4448-A641-3DC31F290B57}.Release|Any CPU.Build.0 = Release|Any CPU
		{6CE18F2A-E633-4D61-B5D9-585FDCF93B5A}.Debug|Any CPU.ActiveCfg = Debug|Any CPU
		{6CE18F2A-E633-4D61-B5D9-585FDCF93B5A}.Debug|Any CPU.Build.0 = Debug|Any CPU
		{6CE18F2A-E633-4D61-B5D9-585FDCF93B5A}.Release|Any CPU.ActiveCfg = Release|Any CPU
		{6CE18F2A-E633-4D61-B5D9-585FDCF93B5A}.Release|Any CPU.Build.0 = Release|Any CPU
	EndGlobalSection
EndGlobal
