
Microsoft Visual Studio Solution File, Format Version 12.00
Project("{2150E333-8FDC-42A3-9474-1A3956D46DE8}") = "FrontEnd", "FrontEnd", "{6C529AEA-B549-4E4D-8269-BE42002FB76E}"
EndProject
Project("{2150E333-8FDC-42A3-9474-1A3956D46DE8}") = "Integrations", "Integrations", "{4E2FCD52-E939-4D09-8A88-534E130CC5EA}"
EndProject
Project("{2150E333-8FDC-42A3-9474-1A3956D46DE8}") = "Services", "Services", "{61B0A381-66C7-4B13-A00A-046BC48FB1EF}"
EndProject
Project("{2150E333-8FDC-42A3-9474-1A3956D46DE8}") = "Gateway", "Gateway", "{6908F821-2957-4A21-B693-EE2D761C5C21}"
EndProject
Project("{FAE04EC0-301F-11D3-BF4B-00C04F79EFBC}") = "NikeStore.Services.CouponApi", "NikeStore.Services.CouponApi\NikeStore.Services.CouponApi.csproj", "{EC73F77A-AB25-4771-9720-8328DD9A5EF6}"
EndProject
Project("{FAE04EC0-301F-11D3-BF4B-00C04F79EFBC}") = "NikeStore.Web", "NikeStore.Web\NikeStore.Web.csproj", "{20A70162-DAD1-4581-86CE-A440174F03F4}"
EndProject
Project("{FAE04EC0-301F-11D3-BF4B-00C04F79EFBC}") = "NikeStore.Services.AuthApi", "NikeStore.Services.AuthApi\NikeStore.Services.AuthApi.csproj", "{F01AB37D-06EA-4565-92DC-9D0484900B73}"
EndProject
Project("{FAE04EC0-301F-11D3-BF4B-00C04F79EFBC}") = "NikeStore.Services.ProductApi", "NikeStore.Services.ProductApi\NikeStore.Services.ProductApi.csproj", "{BB16AF1D-709B-42AD-B5B2-5CDEF6F95E40}"
EndProject
Global
	GlobalSection(SolutionConfigurationPlatforms) = preSolution
		Debug|Any CPU = Debug|Any CPU
		Release|Any CPU = Release|Any CPU
	EndGlobalSection
	GlobalSection(NestedProjects) = preSolution
		{EC73F77A-AB25-4771-9720-8328DD9A5EF6} = {61B0A381-66C7-4B13-A00A-046BC48FB1EF}
		{20A70162-DAD1-4581-86CE-A440174F03F4} = {6C529AEA-B549-4E4D-8269-BE42002FB76E}
		{F01AB37D-06EA-4565-92DC-9D0484900B73} = {61B0A381-66C7-4B13-A00A-046BC48FB1EF}
		{BB16AF1D-709B-42AD-B5B2-5CDEF6F95E40} = {61B0A381-66C7-4B13-A00A-046BC48FB1EF}
	EndGlobalSection
	GlobalSection(ProjectConfigurationPlatforms) = postSolution
		{EC73F77A-AB25-4771-9720-8328DD9A5EF6}.Debug|Any CPU.ActiveCfg = Debug|Any CPU
		{EC73F77A-AB25-4771-9720-8328DD9A5EF6}.Debug|Any CPU.Build.0 = Debug|Any CPU
		{EC73F77A-AB25-4771-9720-8328DD9A5EF6}.Release|Any CPU.ActiveCfg = Release|Any CPU
		{EC73F77A-AB25-4771-9720-8328DD9A5EF6}.Release|Any CPU.Build.0 = Release|Any CPU
		{20A70162-DAD1-4581-86CE-A440174F03F4}.Debug|Any CPU.ActiveCfg = Debug|Any CPU
		{20A70162-DAD1-4581-86CE-A440174F03F4}.Debug|Any CPU.Build.0 = Debug|Any CPU
		{20A70162-DAD1-4581-86CE-A440174F03F4}.Release|Any CPU.ActiveCfg = Release|Any CPU
		{20A70162-DAD1-4581-86CE-A440174F03F4}.Release|Any CPU.Build.0 = Release|Any CPU
		{F01AB37D-06EA-4565-92DC-9D0484900B73}.Debug|Any CPU.ActiveCfg = Debug|Any CPU
		{F01AB37D-06EA-4565-92DC-9D0484900B73}.Debug|Any CPU.Build.0 = Debug|Any CPU
		{F01AB37D-06EA-4565-92DC-9D0484900B73}.Release|Any CPU.ActiveCfg = Release|Any CPU
		{F01AB37D-06EA-4565-92DC-9D0484900B73}.Release|Any CPU.Build.0 = Release|Any CPU
		{BB16AF1D-709B-42AD-B5B2-5CDEF6F95E40}.Debug|Any CPU.ActiveCfg = Debug|Any CPU
		{BB16AF1D-709B-42AD-B5B2-5CDEF6F95E40}.Debug|Any CPU.Build.0 = Debug|Any CPU
		{BB16AF1D-709B-42AD-B5B2-5CDEF6F95E40}.Release|Any CPU.ActiveCfg = Release|Any CPU
		{BB16AF1D-709B-42AD-B5B2-5CDEF6F95E40}.Release|Any CPU.Build.0 = Release|Any CPU
	EndGlobalSection
EndGlobal
